
Microsoft Visual Studio Solution File, Format Version 12.00
# Visual Studio 15
Project("{FAE04EC0-301F-11D3-BF4B-00C04F79EFBC}") = "Mirror", "Mirror.csproj", "{C19561A1-3652-9EB1-F41C-432F4B24AF1F}"
EndProject
Project("{FAE04EC0-301F-11D3-BF4B-00C04F79EFBC}") = "SimpleWebTransport", "SimpleWebTransport.csproj", "{859B39C6-3209-CB71-D9A5-EB746A257C95}"
EndProject
Project("{FAE04EC0-301F-11D3-BF4B-00C04F79EFBC}") = "Mirror.Examples", "Mirror.Examples.csproj", "{73E48917-C565-53AF-8D95-DB88FEEB3E6E}"
EndProject
Project("{FAE04EC0-301F-11D3-BF4B-00C04F79EFBC}") = "Mirror.Components", "Mirror.Components.csproj", "{BA2B76BC-50F9-0457-05C5-5F1C8187877E}"
EndProject
Project("{FAE04EC0-301F-11D3-BF4B-00C04F79EFBC}") = "Assembly-CSharp", "Assembly-CSharp.csproj", "{25FC037F-82CE-5F2D-45C3-0DACD33FD95C}"
EndProject
Project("{FAE04EC0-301F-11D3-BF4B-00C04F79EFBC}") = "kcp2k", "kcp2k.csproj", "{9F8703C6-8CB0-FB5C-1B61-9711B6F5880E}"
EndProject
Project("{FAE04EC0-301F-11D3-BF4B-00C04F79EFBC}") = "Telepathy", "Telepathy.csproj", "{3DCE6995-7ED4-57C4-1069-C79765EC05E7}"
EndProject
Project("{FAE04EC0-301F-11D3-BF4B-00C04F79EFBC}") = "Mirror.Authenticators", "Mirror.Authenticators.csproj", "{8495BD3F-3107-0621-3AB8-A93044392E9B}"
EndProject
Project("{FAE04EC0-301F-11D3-BF4B-00C04F79EFBC}") = "where-allocations", "where-allocations.csproj", "{C51851FB-E0AA-307B-2EB3-7C75C10B05B9}"
EndProject
Project("{FAE04EC0-301F-11D3-BF4B-00C04F79EFBC}") = "Unity.Mirror.CodeGen", "Unity.Mirror.CodeGen.csproj", "{6CD680B4-DD63-EF87-7C04-E28A5A3CD4AF}"
EndProject
Project("{FAE04EC0-301F-11D3-BF4B-00C04F79EFBC}") = "ParrelSync", "ParrelSync.csproj", "{13FCEFE1-9299-ABDB-8981-C838A3AEDB8A}"
EndProject
Project("{FAE04EC0-301F-11D3-BF4B-00C04F79EFBC}") = "Mirror.Editor", "Mirror.Editor.csproj", "{13358C15-DBE7-89E7-140B-5A86E44E2675}"
EndProject
Project("{FAE04EC0-301F-11D3-BF4B-00C04F79EFBC}") = "Mirror.CompilerSymbols", "Mirror.CompilerSymbols.csproj", "{5B24192D-6AE9-F018-F368-46ADCDBF1A57}"
EndProject
Global
	GlobalSection(SolutionConfigurationPlatforms) = preSolution
		Debug|Any CPU = Debug|Any CPU
		Release|Any CPU = Release|Any CPU
	EndGlobalSection
	GlobalSection(ProjectConfigurationPlatforms) = postSolution
		{C19561A1-3652-9EB1-F41C-432F4B24AF1F}.Debug|Any CPU.ActiveCfg = Debug|Any CPU
		{C19561A1-3652-9EB1-F41C-432F4B24AF1F}.Debug|Any CPU.Build.0 = Debug|Any CPU
		{C19561A1-3652-9EB1-F41C-432F4B24AF1F}.Release|Any CPU.ActiveCfg = Release|Any CPU
		{C19561A1-3652-9EB1-F41C-432F4B24AF1F}.Release|Any CPU.Build.0 = Release|Any CPU
		{859B39C6-3209-CB71-D9A5-EB746A257C95}.Debug|Any CPU.ActiveCfg = Debug|Any CPU
		{859B39C6-3209-CB71-D9A5-EB746A257C95}.Debug|Any CPU.Build.0 = Debug|Any CPU
		{859B39C6-3209-CB71-D9A5-EB746A257C95}.Release|Any CPU.ActiveCfg = Release|Any CPU
		{859B39C6-3209-CB71-D9A5-EB746A257C95}.Release|Any CPU.Build.0 = Release|Any CPU
		{73E48917-C565-53AF-8D95-DB88FEEB3E6E}.Debug|Any CPU.ActiveCfg = Debug|Any CPU
		{73E48917-C565-53AF-8D95-DB88FEEB3E6E}.Debug|Any CPU.Build.0 = Debug|Any CPU
		{73E48917-C565-53AF-8D95-DB88FEEB3E6E}.Release|Any CPU.ActiveCfg = Release|Any CPU
		{73E48917-C565-53AF-8D95-DB88FEEB3E6E}.Release|Any CPU.Build.0 = Release|Any CPU
		{BA2B76BC-50F9-0457-05C5-5F1C8187877E}.Debug|Any CPU.ActiveCfg = Debug|Any CPU
		{BA2B76BC-50F9-0457-05C5-5F1C8187877E}.Debug|Any CPU.Build.0 = Debug|Any CPU
		{BA2B76BC-50F9-0457-05C5-5F1C8187877E}.Release|Any CPU.ActiveCfg = Release|Any CPU
		{BA2B76BC-50F9-0457-05C5-5F1C8187877E}.Release|Any CPU.Build.0 = Release|Any CPU
		{25FC037F-82CE-5F2D-45C3-0DACD33FD95C}.Debug|Any CPU.ActiveCfg = Debug|Any CPU
		{25FC037F-82CE-5F2D-45C3-0DACD33FD95C}.Debug|Any CPU.Build.0 = Debug|Any CPU
		{25FC037F-82CE-5F2D-45C3-0DACD33FD95C}.Release|Any CPU.ActiveCfg = Release|Any CPU
		{25FC037F-82CE-5F2D-45C3-0DACD33FD95C}.Release|Any CPU.Build.0 = Release|Any CPU
		{9F8703C6-8CB0-FB5C-1B61-9711B6F5880E}.Debug|Any CPU.ActiveCfg = Debug|Any CPU
		{9F8703C6-8CB0-FB5C-1B61-9711B6F5880E}.Debug|Any CPU.Build.0 = Debug|Any CPU
		{9F8703C6-8CB0-FB5C-1B61-9711B6F5880E}.Release|Any CPU.ActiveCfg = Release|Any CPU
		{9F8703C6-8CB0-FB5C-1B61-9711B6F5880E}.Release|Any CPU.Build.0 = Release|Any CPU
		{3DCE6995-7ED4-57C4-1069-C79765EC05E7}.Debug|Any CPU.ActiveCfg = Debug|Any CPU
		{3DCE6995-7ED4-57C4-1069-C79765EC05E7}.Debug|Any CPU.Build.0 = Debug|Any CPU
		{3DCE6995-7ED4-57C4-1069-C79765EC05E7}.Release|Any CPU.ActiveCfg = Release|Any CPU
		{3DCE6995-7ED4-57C4-1069-C79765EC05E7}.Release|Any CPU.Build.0 = Release|Any CPU
		{8495BD3F-3107-0621-3AB8-A93044392E9B}.Debug|Any CPU.ActiveCfg = Debug|Any CPU
		{8495BD3F-3107-0621-3AB8-A93044392E9B}.Debug|Any CPU.Build.0 = Debug|Any CPU
		{8495BD3F-3107-0621-3AB8-A93044392E9B}.Release|Any CPU.ActiveCfg = Release|Any CPU
		{8495BD3F-3107-0621-3AB8-A93044392E9B}.Release|Any CPU.Build.0 = Release|Any CPU
		{C51851FB-E0AA-307B-2EB3-7C75C10B05B9}.Debug|Any CPU.ActiveCfg = Debug|Any CPU
		{C51851FB-E0AA-307B-2EB3-7C75C10B05B9}.Debug|Any CPU.Build.0 = Debug|Any CPU
		{C51851FB-E0AA-307B-2EB3-7C75C10B05B9}.Release|Any CPU.ActiveCfg = Release|Any CPU
		{C51851FB-E0AA-307B-2EB3-7C75C10B05B9}.Release|Any CPU.Build.0 = Release|Any CPU
		{6CD680B4-DD63-EF87-7C04-E28A5A3CD4AF}.Debug|Any CPU.ActiveCfg = Debug|Any CPU
		{6CD680B4-DD63-EF87-7C04-E28A5A3CD4AF}.Debug|Any CPU.Build.0 = Debug|Any CPU
		{6CD680B4-DD63-EF87-7C04-E28A5A3CD4AF}.Release|Any CPU.ActiveCfg = Release|Any CPU
		{6CD680B4-DD63-EF87-7C04-E28A5A3CD4AF}.Release|Any CPU.Build.0 = Release|Any CPU
		{13FCEFE1-9299-ABDB-8981-C838A3AEDB8A}.Debug|Any CPU.ActiveCfg = Debug|Any CPU
		{13FCEFE1-9299-ABDB-8981-C838A3AEDB8A}.Debug|Any CPU.Build.0 = Debug|Any CPU
		{13FCEFE1-9299-ABDB-8981-C838A3AEDB8A}.Release|Any CPU.ActiveCfg = Release|Any CPU
		{13FCEFE1-9299-ABDB-8981-C838A3AEDB8A}.Release|Any CPU.Build.0 = Release|Any CPU
		{13358C15-DBE7-89E7-140B-5A86E44E2675}.Debug|Any CPU.ActiveCfg = Debug|Any CPU
		{13358C15-DBE7-89E7-140B-5A86E44E2675}.Debug|Any CPU.Build.0 = Debug|Any CPU
		{13358C15-DBE7-89E7-140B-5A86E44E2675}.Release|Any CPU.ActiveCfg = Release|Any CPU
		{13358C15-DBE7-89E7-140B-5A86E44E2675}.Release|Any CPU.Build.0 = Release|Any CPU
		{5B24192D-6AE9-F018-F368-46ADCDBF1A57}.Debug|Any CPU.ActiveCfg = Debug|Any CPU
		{5B24192D-6AE9-F018-F368-46ADCDBF1A57}.Debug|Any CPU.Build.0 = Debug|Any CPU
		{5B24192D-6AE9-F018-F368-46ADCDBF1A57}.Release|Any CPU.ActiveCfg = Release|Any CPU
		{5B24192D-6AE9-F018-F368-46ADCDBF1A57}.Release|Any CPU.Build.0 = Release|Any CPU
	EndGlobalSection
	GlobalSection(SolutionProperties) = preSolution
		HideSolutionNode = FALSE
	EndGlobalSection
EndGlobal
